
Microsoft Visual Studio Solution File, Format Version 12.00
# Visual Studio 15
VisualStudioVersion = 15.0.28307.1209
MinimumVisualStudioVersion = 10.0.40219.1
Project("{8BC9CEB8-8B4A-11D0-8D11-00A0C91BC942}") = "AbstractionLayer", "AbstractionLayer\AbstractionLayer.vcxproj", "{33AC2AE0-65E6-48D7-8A19-81DB38493D66}"
EndProject
Project("{8BC9CEB8-8B4A-11D0-8D11-00A0C91BC942}") = "Test", "Test\Test.vcxproj", "{41877C86-A248-4922-8136-95A53D41C446}"
EndProject
Project("{2150E333-8FDC-42A3-9474-1A3956D46DE8}") = "Solution Items", "Solution Items", "{B0FC793B-FAE4-4CC9-B088-79B9000690A6}"
	ProjectSection(SolutionItems) = preProject
		.gitignore = .gitignore
	EndProjectSection
EndProject
Global
	GlobalSection(SolutionConfigurationPlatforms) = preSolution
		Debug|ARM = Debug|ARM
		Debug|ARM64 = Debug|ARM64
		Debug|x64 = Debug|x64
		Debug|x86 = Debug|x86
		Release|ARM = Release|ARM
		Release|ARM64 = Release|ARM64
		Release|x64 = Release|x64
		Release|x86 = Release|x86
	EndGlobalSection
	GlobalSection(ProjectConfigurationPlatforms) = postSolution
		{33AC2AE0-65E6-48D7-8A19-81DB38493D66}.Debug|ARM.ActiveCfg = Debug|Win32
		{33AC2AE0-65E6-48D7-8A19-81DB38493D66}.Debug|ARM64.ActiveCfg = Debug|Win32
		{33AC2AE0-65E6-48D7-8A19-81DB38493D66}.Debug|x64.ActiveCfg = Debug|x64
		{33AC2AE0-65E6-48D7-8A19-81DB38493D66}.Debug|x86.ActiveCfg = Debug|Win32
		{33AC2AE0-65E6-48D7-8A19-81DB38493D66}.Release|ARM.ActiveCfg = Release|Win32
		{33AC2AE0-65E6-48D7-8A19-81DB38493D66}.Release|ARM64.ActiveCfg = Release|Win32
		{33AC2AE0-65E6-48D7-8A19-81DB38493D66}.Release|x64.ActiveCfg = Release|x64
		{33AC2AE0-65E6-48D7-8A19-81DB38493D66}.Release|x86.ActiveCfg = Release|Win32
		{41877C86-A248-4922-8136-95A53D41C446}.Debug|ARM.ActiveCfg = Debug|Win32
		{41877C86-A248-4922-8136-95A53D41C446}.Debug|ARM64.ActiveCfg = Debug|Win32
		{41877C86-A248-4922-8136-95A53D41C446}.Debug|x64.ActiveCfg = Debug|x64
		{41877C86-A248-4922-8136-95A53D41C446}.Debug|x64.Build.0 = Debug|x64
		{41877C86-A248-4922-8136-95A53D41C446}.Debug|x86.ActiveCfg = Debug|Win32
		{41877C86-A248-4922-8136-95A53D41C446}.Debug|x86.Build.0 = Debug|Win32
		{41877C86-A248-4922-8136-95A53D41C446}.Release|ARM.ActiveCfg = Release|Win32
		{41877C86-A248-4922-8136-95A53D41C446}.Release|ARM64.ActiveCfg = Release|Win32
		{41877C86-A248-4922-8136-95A53D41C446}.Release|x64.ActiveCfg = Release|x64
		{41877C86-A248-4922-8136-95A53D41C446}.Release|x64.Build.0 = Release|x64
		{41877C86-A248-4922-8136-95A53D41C446}.Release|x86.ActiveCfg = Release|Win32
		{41877C86-A248-4922-8136-95A53D41C446}.Release|x86.Build.0 = Release|Win32
	EndGlobalSection
	GlobalSection(SolutionProperties) = preSolution
		HideSolutionNode = FALSE
	EndGlobalSection
	GlobalSection(ExtensibilityGlobals) = postSolution
		SolutionGuid = {51FC1854-5FD6-4B22-99A9-BFE8811B250B}
	EndGlobalSection
EndGlobal
